{
  "requires": true,
  "lockfileVersion": 1,
  "dependencies": {
    "material-icons": {
      "version": "1.10.0",
      "resolved": "https://registry.npmjs.org/material-icons/-/material-icons-1.10.0.tgz",
      "integrity": "sha512-eq5JxFbuUbYSk121JwABRZh03tHfbI9MO+TtAWlzW+IP+u10yHMnz5/fz9YtkgL+eR6j6hL7NAthXZulPwzySA=="
    },
    "react-icons": {
      "version": "4.3.1",
      "resolved": "https://registry.npmjs.org/react-icons/-/react-icons-4.3.1.tgz",
      "integrity": "sha512-cB10MXLTs3gVuXimblAdI71jrJx8njrJZmNMEMC+sQu5B/BIOmlsAjskdqpn81y8UBVEGuHODd7/ci5DvoSzTQ=="
    }
  }
}
